
Microsoft Visual Studio Solution File, Format Version 12.00
# Visual Studio Version 16
VisualStudioVersion = 16.0.29509.3
MinimumVisualStudioVersion = 10.0.40219.1
Project("{8BC9CEB8-8B4A-11D0-8D11-00A0C91BC942}") = "sortirovka", "sortirovka.vcxproj", "{CE724ABD-5BB2-49A0-BB43-EC37479FB981}"
EndProject
Global
	GlobalSection(SolutionConfigurationPlatforms) = preSolution
		Debug|x64 = Debug|x64
		Debug|x86 = Debug|x86
		Release|x64 = Release|x64
		Release|x86 = Release|x86
	EndGlobalSection
	GlobalSection(ProjectConfigurationPlatforms) = postSolution
		{CE724ABD-5BB2-49A0-BB43-EC37479FB981}.Debug|x64.ActiveCfg = Debug|x64
		{CE724ABD-5BB2-49A0-BB43-EC37479FB981}.Debug|x64.Build.0 = Debug|x64
		{CE724ABD-5BB2-49A0-BB43-EC37479FB981}.Debug|x86.ActiveCfg = Debug|Win32
		{CE724ABD-5BB2-49A0-BB43-EC37479FB981}.Debug|x86.Build.0 = Debug|Win32
		{CE724ABD-5BB2-49A0-BB43-EC37479FB981}.Release|x64.ActiveCfg = Release|x64
		{CE724ABD-5BB2-49A0-BB43-EC37479FB981}.Release|x64.Build.0 = Release|x64
		{CE724ABD-5BB2-49A0-BB43-EC37479FB981}.Release|x86.ActiveCfg = Release|Win32
		{CE724ABD-5BB2-49A0-BB43-EC37479FB981}.Release|x86.Build.0 = Release|Win32
	EndGlobalSection
	GlobalSection(SolutionProperties) = preSolution
		HideSolutionNode = FALSE
	EndGlobalSection
	GlobalSection(ExtensibilityGlobals) = postSolution
		SolutionGuid = {4CBEB014-7CD4-40BC-BADC-3C759E16DE98}
	EndGlobalSection
EndGlobal
